PODS:
  - Capacitor (6.1.2):
    - CapacitorCordova
  - CapacitorApp (6.0.1):
    - Capacitor
  - CapacitorBrowser (6.0.2):
    - Capacitor
  - CapacitorCordova (6.1.2)
  - CapacitorHaptics (6.0.1):
    - Capacitor
  - CapacitorKeyboard (6.0.2):
    - Capacitor
  - CapacitorStatusBar (6.0.1):
    - Capacitor

DEPENDENCIES:
  - "Capacitor (from `../../node_modules/@capacitor/ios`)"
  - "CapacitorApp (from `../../node_modules/@capacitor/app`)"
  - "CapacitorBrowser (from `../../node_modules/@capacitor/browser`)"
  - "CapacitorCordova (from `../../node_modules/@capacitor/ios`)"
  - "CapacitorHaptics (from `../../node_modules/@capacitor/haptics`)"
  - "CapacitorKeyboard (from `../../node_modules/@capacitor/keyboard`)"
  - "CapacitorStatusBar (from `../../node_modules/@capacitor/status-bar`)"

EXTERNAL SOURCES:
  Capacitor:
    :path: "../../node_modules/@capacitor/ios"
  CapacitorApp:
    :path: "../../node_modules/@capacitor/app"
  CapacitorBrowser:
    :path: "../../node_modules/@capacitor/browser"
  CapacitorCordova:
    :path: "../../node_modules/@capacitor/ios"
  CapacitorHaptics:
    :path: "../../node_modules/@capacitor/haptics"
  CapacitorKeyboard:
    :path: "../../node_modules/@capacitor/keyboard"
  CapacitorStatusBar:
    :path: "../../node_modules/@capacitor/status-bar"

SPEC CHECKSUMS:
  Capacitor: 679f9673fdf30597493a6362a5d5bf233d46abc2
  CapacitorApp: 0bc633b4eae40a1f32cd2834788fad3bc42da6a1
  CapacitorBrowser: 83ec661a9ccd56c28a6851e4dd1ac33b181227ec
  CapacitorCordova: f48c89f96c319101cd2f0ce8a2b7449b5fb8b3dd
  CapacitorHaptics: fe689ade56ef20ec9b041a753c6da70c5d8ec9a9
  CapacitorKeyboard: 2700f9b18687be021e28b5a09b59eb151a46d5e0
  CapacitorStatusBar: b81d4fb5d4e0064c712018071b3ab4b810b39a63

PODFILE CHECKSUM: 61bc1d13006459f54f5fb089957baec0b706f946

COCOAPODS: 1.15.2
